
Microsoft Visual Studio Solution File, Format Version 12.00
# Visual Studio Version 16
VisualStudioVersion = 16.0.29306.81
MinimumVisualStudioVersion = 10.0.40219.1
Project("{9A19103F-16F7-4668-BE54-9A1E7A4F7556}") = "FluidScript", "src\FluidScript\FluidScript.csproj", "{5C87C041-8CED-49DD-B944-2140AB787745}"
EndProject
Project("{2150E333-8FDC-42A3-9474-1A3956D46DE8}") = "Solution Items", "Solution Items", "{4BDA6A2B-56EF-428E-9B80-A60F789177F7}"
	ProjectSection(SolutionItems) = preProject
		.editorconfig = .editorconfig
	EndProjectSection
EndProject
Project("{9A19103F-16F7-4668-BE54-9A1E7A4F7556}") = "FluidScript.Tests", "FluidScript.Tests\FluidScript.Tests.csproj", "{8111AEA3-F9F2-4F74-9701-C65F3C131BBA}"
EndProject
Project("{9A19103F-16F7-4668-BE54-9A1E7A4F7556}") = "FluidScript.CoreLib", "src\FluidScript.CoreLib\FluidScript.CoreLib.csproj", "{FA033C78-DCF9-460A-BFD7-026149653456}"
EndProject
Project("{FAE04EC0-301F-11D3-BF4B-00C04F79EFBC}") = "FluidScript.ConsoleApp", "FluidScript.ConsoleApp\FluidScript.ConsoleApp.csproj", "{AAB7651E-C51F-4BF1-A59F-BD881C887E6A}"
EndProject
Global
	GlobalSection(SolutionConfigurationPlatforms) = preSolution
		Debug|Any CPU = Debug|Any CPU
		Release|Any CPU = Release|Any CPU
	EndGlobalSection
	GlobalSection(ProjectConfigurationPlatforms) = postSolution
		{5C87C041-8CED-49DD-B944-2140AB787745}.Debug|Any CPU.ActiveCfg = Debug|Any CPU
		{5C87C041-8CED-49DD-B944-2140AB787745}.Debug|Any CPU.Build.0 = Debug|Any CPU
		{5C87C041-8CED-49DD-B944-2140AB787745}.Release|Any CPU.ActiveCfg = Release|Any CPU
		{5C87C041-8CED-49DD-B944-2140AB787745}.Release|Any CPU.Build.0 = Release|Any CPU
		{8111AEA3-F9F2-4F74-9701-C65F3C131BBA}.Debug|Any CPU.ActiveCfg = Debug|Any CPU
		{8111AEA3-F9F2-4F74-9701-C65F3C131BBA}.Debug|Any CPU.Build.0 = Debug|Any CPU
		{8111AEA3-F9F2-4F74-9701-C65F3C131BBA}.Release|Any CPU.ActiveCfg = Release|Any CPU
		{8111AEA3-F9F2-4F74-9701-C65F3C131BBA}.Release|Any CPU.Build.0 = Release|Any CPU
		{FA033C78-DCF9-460A-BFD7-026149653456}.Debug|Any CPU.ActiveCfg = Debug|Any CPU
		{FA033C78-DCF9-460A-BFD7-026149653456}.Debug|Any CPU.Build.0 = Debug|Any CPU
		{FA033C78-DCF9-460A-BFD7-026149653456}.Release|Any CPU.ActiveCfg = Release|Any CPU
		{FA033C78-DCF9-460A-BFD7-026149653456}.Release|Any CPU.Build.0 = Release|Any CPU
		{AAB7651E-C51F-4BF1-A59F-BD881C887E6A}.Debug|Any CPU.ActiveCfg = Debug|Any CPU
		{AAB7651E-C51F-4BF1-A59F-BD881C887E6A}.Debug|Any CPU.Build.0 = Debug|Any CPU
		{AAB7651E-C51F-4BF1-A59F-BD881C887E6A}.Release|Any CPU.ActiveCfg = Release|Any CPU
		{AAB7651E-C51F-4BF1-A59F-BD881C887E6A}.Release|Any CPU.Build.0 = Release|Any CPU
	EndGlobalSection
	GlobalSection(SolutionProperties) = preSolution
		HideSolutionNode = FALSE
	EndGlobalSection
	GlobalSection(ExtensibilityGlobals) = postSolution
		SolutionGuid = {8511C3C8-FE0C-475D-9128-17F30DD9C1B2}
	EndGlobalSection
EndGlobal
