
Microsoft Visual Studio Solution File, Format Version 12.00
# Visual Studio 15
VisualStudioVersion = 15.0.28307.852
MinimumVisualStudioVersion = 10.0.40219.1
Project("{9A19103F-16F7-4668-BE54-9A1E7A4F7556}") = "FluidScript", "src\FluidScript.csproj", "{F4A0837F-1E97-43E0-A0AF-280EAC73D31E}"
EndProject
Global
	GlobalSection(SolutionConfigurationPlatforms) = preSolution
		Debug|Any CPU = Debug|Any CPU
		Release|Any CPU = Release|Any CPU
	EndGlobalSection
	GlobalSection(ProjectConfigurationPlatforms) = postSolution
		{F4A0837F-1E97-43E0-A0AF-280EAC73D31E}.Debug|Any CPU.ActiveCfg = Debug|Any CPU
		{F4A0837F-1E97-43E0-A0AF-280EAC73D31E}.Debug|Any CPU.Build.0 = Debug|Any CPU
		{F4A0837F-1E97-43E0-A0AF-280EAC73D31E}.Release|Any CPU.ActiveCfg = Release|Any CPU
		{F4A0837F-1E97-43E0-A0AF-280EAC73D31E}.Release|Any CPU.Build.0 = Release|Any CPU
	EndGlobalSection
	GlobalSection(SolutionProperties) = preSolution
		HideSolutionNode = FALSE
	EndGlobalSection
	GlobalSection(ExtensibilityGlobals) = postSolution
		SolutionGuid = {8511C3C8-FE0C-475D-9128-17F30DD9C1B2}
	EndGlobalSection
EndGlobal
