
Microsoft Visual Studio Solution File, Format Version 12.00
# Visual Studio Version 16
VisualStudioVersion = 16.0.29306.81
MinimumVisualStudioVersion = 10.0.40219.1
Project("{9A19103F-16F7-4668-BE54-9A1E7A4F7556}") = "FluidScipt.ConsoleTest", "FluidScipt.ConsoleTest\FluidScipt.ConsoleTest.csproj", "{4209C74E-27C6-4F29-BCC8-82243830BFC6}"
EndProject
Project("{9A19103F-16F7-4668-BE54-9A1E7A4F7556}") = "FluidScript", "FluidScript.Runtime\FluidScript.csproj", "{EC0D26E9-1327-480A-838D-6D009C2DBE51}"
EndProject
Project("{9A19103F-16F7-4668-BE54-9A1E7A4F7556}") = "FluidScript.Runtime", "FluidScript.Core\FluidScript.Runtime.csproj", "{A5A0515E-8C63-4C0C-8210-12F297386D69}"
EndProject
Global
	GlobalSection(SolutionConfigurationPlatforms) = preSolution
		Debug|Any CPU = Debug|Any CPU
		Release|Any CPU = Release|Any CPU
	EndGlobalSection
	GlobalSection(ProjectConfigurationPlatforms) = postSolution
		{4209C74E-27C6-4F29-BCC8-82243830BFC6}.Debug|Any CPU.ActiveCfg = Debug|Any CPU
		{4209C74E-27C6-4F29-BCC8-82243830BFC6}.Debug|Any CPU.Build.0 = Debug|Any CPU
		{4209C74E-27C6-4F29-BCC8-82243830BFC6}.Release|Any CPU.ActiveCfg = Release|Any CPU
		{4209C74E-27C6-4F29-BCC8-82243830BFC6}.Release|Any CPU.Build.0 = Release|Any CPU
		{EC0D26E9-1327-480A-838D-6D009C2DBE51}.Debug|Any CPU.ActiveCfg = Debug|Any CPU
		{EC0D26E9-1327-480A-838D-6D009C2DBE51}.Debug|Any CPU.Build.0 = Debug|Any CPU
		{EC0D26E9-1327-480A-838D-6D009C2DBE51}.Release|Any CPU.ActiveCfg = Release|Any CPU
		{EC0D26E9-1327-480A-838D-6D009C2DBE51}.Release|Any CPU.Build.0 = Release|Any CPU
		{A5A0515E-8C63-4C0C-8210-12F297386D69}.Debug|Any CPU.ActiveCfg = Debug|Any CPU
		{A5A0515E-8C63-4C0C-8210-12F297386D69}.Debug|Any CPU.Build.0 = Debug|Any CPU
		{A5A0515E-8C63-4C0C-8210-12F297386D69}.Release|Any CPU.ActiveCfg = Release|Any CPU
		{A5A0515E-8C63-4C0C-8210-12F297386D69}.Release|Any CPU.Build.0 = Release|Any CPU
	EndGlobalSection
	GlobalSection(SolutionProperties) = preSolution
		HideSolutionNode = FALSE
	EndGlobalSection
	GlobalSection(ExtensibilityGlobals) = postSolution
		SolutionGuid = {8511C3C8-FE0C-475D-9128-17F30DD9C1B2}
	EndGlobalSection
EndGlobal
