
Microsoft Visual Studio Solution File, Format Version 12.00
# Visual Studio Version 16
VisualStudioVersion = 16.0.30907.101
MinimumVisualStudioVersion = 10.0.40219.1
Project("{9A19103F-16F7-4668-BE54-9A1E7A4F7556}") = "ConsoleApp", "ConsoleApp\ConsoleApp.csproj", "{2B0333B0-C467-48FC-9901-D2629D37824C}"
EndProject
Global
	GlobalSection(SolutionConfigurationPlatforms) = preSolution
		Debug|Any CPU = Debug|Any CPU
		Release|Any CPU = Release|Any CPU
	EndGlobalSection
	GlobalSection(ProjectConfigurationPlatforms) = postSolution
		{2B0333B0-C467-48FC-9901-D2629D37824C}.Debug|Any CPU.ActiveCfg = Debug|Any CPU
		{2B0333B0-C467-48FC-9901-D2629D37824C}.Debug|Any CPU.Build.0 = Debug|Any CPU
		{2B0333B0-C467-48FC-9901-D2629D37824C}.Release|Any CPU.ActiveCfg = Release|Any CPU
		{2B0333B0-C467-48FC-9901-D2629D37824C}.Release|Any CPU.Build.0 = Release|Any CPU
	EndGlobalSection
	GlobalSection(SolutionProperties) = preSolution
		HideSolutionNode = FALSE
	EndGlobalSection
	GlobalSection(ExtensibilityGlobals) = postSolution
		SolutionGuid = {B655D595-F273-4CAD-B2ED-01578C3D69E7}
	EndGlobalSection
EndGlobal
